Microsoft Visual Studio Solution File, Format Version 12.00
# Visual Studio Version 16
VisualStudioVersion = 16.0.29503.13
MinimumVisualStudioVersion = 10.0.40219.1
Project("{FAE04EC0-301F-11D3-BF4B-00C04F79EFBC}") = "Vendr.PaymentProviders.Worldpay", "src\Vendr.PaymentProviders.Worldpay\Vendr.PaymentProviders.Worldpay.csproj", "{EEC07F78-E583-46B0-9F6C-C0759F1EB412}"
EndProject
Global
	GlobalSection(SolutionConfigurationPlatforms) = preSolution
		Debug|Any CPU = Debug|Any CPU
		Release|Any CPU = Release|Any CPU
	EndGlobalSection
	GlobalSection(ProjectConfigurationPlatforms) = postSolution
		{EEC07F78-E583-46B0-9F6C-C0759F1EB412}.Debug|Any CPU.ActiveCfg = Debug|Any CPU
		{EEC07F78-E583-46B0-9F6C-C0759F1EB412}.Debug|Any CPU.Build.0 = Debug|Any CPU
		{EEC07F78-E583-46B0-9F6C-C0759F1EB412}.Release|Any CPU.ActiveCfg = Release|Any CPU
		{EEC07F78-E583-46B0-9F6C-C0759F1EB412}.Release|Any CPU.Build.0 = Release|Any CPU
	EndGlobalSection
	GlobalSection(SolutionProperties) = preSolution
		HideSolutionNode = FALSE
	EndGlobalSection
	GlobalSection(ExtensibilityGlobals) = postSolution
		SolutionGuid = {B3A08DA4-571B-4CE5-A04A-7F7E8EC953F1}
	EndGlobalSection
EndGlobal
